
Microsoft Visual Studio Solution File, Format Version 12.00
# Visual Studio Version 16
VisualStudioVersion = 16.0.29230.47
MinimumVisualStudioVersion = 10.0.40219.1
Project("{9A19103F-16F7-4668-BE54-9A1E7A4F7556}") = "Common.Util", "Common.Util\Common.Util.csproj", "{2946D3B4-0CBB-4BE5-BF66-0852D17BD723}"
EndProject
Project("{9A19103F-16F7-4668-BE54-9A1E7A4F7556}") = "Common.CoreUtil", "Common.CoreUtil\Common.CoreUtil.csproj", "{7CF1888D-1EE1-4A42-9D9D-C692500EBCB4}"
EndProject
Project("{9A19103F-16F7-4668-BE54-9A1E7A4F7556}") = "Common.XUnitTest", "Common.XUnitTest\Common.XUnitTest.csproj", "{EB094702-08B0-440E-9EE0-011F41318C71}"
EndProject
Project("{9A19103F-16F7-4668-BE54-9A1E7A4F7556}") = "Common.WeComCore", "Common.WeComCore\Common.WeComCore.csproj", "{097E982D-A09D-48B4-9E30-B289573879F1}"
EndProject
Project("{FAE04EC0-301F-11D3-BF4B-00C04F79EFBC}") = "Common.AliSMSCore", "Common.AliSMSCore\Common.AliSMSCore.csproj", "{084B193B-FE2B-4A04-85CC-77A44CA2B347}"
EndProject
Project("{FAE04EC0-301F-11D3-BF4B-00C04F79EFBC}") = "Common.Swagger.Extensions", "Common.Swagger.Extensions\Common.Swagger.Extensions.csproj", "{AE3B0B79-D953-4554-8BCF-004D9CD18BF1}"
EndProject
Global
	GlobalSection(SolutionConfigurationPlatforms) = preSolution
		Debug|Any CPU = Debug|Any CPU
		Release|Any CPU = Release|Any CPU
	EndGlobalSection
	GlobalSection(ProjectConfigurationPlatforms) = postSolution
		{2946D3B4-0CBB-4BE5-BF66-0852D17BD723}.Debug|Any CPU.ActiveCfg = Debug|Any CPU
		{2946D3B4-0CBB-4BE5-BF66-0852D17BD723}.Debug|Any CPU.Build.0 = Debug|Any CPU
		{2946D3B4-0CBB-4BE5-BF66-0852D17BD723}.Release|Any CPU.ActiveCfg = Release|Any CPU
		{2946D3B4-0CBB-4BE5-BF66-0852D17BD723}.Release|Any CPU.Build.0 = Release|Any CPU
		{7CF1888D-1EE1-4A42-9D9D-C692500EBCB4}.Debug|Any CPU.ActiveCfg = Debug|Any CPU
		{7CF1888D-1EE1-4A42-9D9D-C692500EBCB4}.Debug|Any CPU.Build.0 = Debug|Any CPU
		{7CF1888D-1EE1-4A42-9D9D-C692500EBCB4}.Release|Any CPU.ActiveCfg = Release|Any CPU
		{7CF1888D-1EE1-4A42-9D9D-C692500EBCB4}.Release|Any CPU.Build.0 = Release|Any CPU
		{EB094702-08B0-440E-9EE0-011F41318C71}.Debug|Any CPU.ActiveCfg = Debug|Any CPU
		{EB094702-08B0-440E-9EE0-011F41318C71}.Debug|Any CPU.Build.0 = Debug|Any CPU
		{EB094702-08B0-440E-9EE0-011F41318C71}.Release|Any CPU.ActiveCfg = Release|Any CPU
		{EB094702-08B0-440E-9EE0-011F41318C71}.Release|Any CPU.Build.0 = Release|Any CPU
		{097E982D-A09D-48B4-9E30-B289573879F1}.Debug|Any CPU.ActiveCfg = Debug|Any CPU
		{097E982D-A09D-48B4-9E30-B289573879F1}.Debug|Any CPU.Build.0 = Debug|Any CPU
		{097E982D-A09D-48B4-9E30-B289573879F1}.Release|Any CPU.ActiveCfg = Release|Any CPU
		{097E982D-A09D-48B4-9E30-B289573879F1}.Release|Any CPU.Build.0 = Release|Any CPU
		{084B193B-FE2B-4A04-85CC-77A44CA2B347}.Debug|Any CPU.ActiveCfg = Debug|Any CPU
		{084B193B-FE2B-4A04-85CC-77A44CA2B347}.Debug|Any CPU.Build.0 = Debug|Any CPU
		{084B193B-FE2B-4A04-85CC-77A44CA2B347}.Release|Any CPU.ActiveCfg = Release|Any CPU
		{084B193B-FE2B-4A04-85CC-77A44CA2B347}.Release|Any CPU.Build.0 = Release|Any CPU
		{AE3B0B79-D953-4554-8BCF-004D9CD18BF1}.Debug|Any CPU.ActiveCfg = Debug|Any CPU
		{AE3B0B79-D953-4554-8BCF-004D9CD18BF1}.Debug|Any CPU.Build.0 = Debug|Any CPU
		{AE3B0B79-D953-4554-8BCF-004D9CD18BF1}.Release|Any CPU.ActiveCfg = Release|Any CPU
		{AE3B0B79-D953-4554-8BCF-004D9CD18BF1}.Release|Any CPU.Build.0 = Release|Any CPU
	EndGlobalSection
	GlobalSection(SolutionProperties) = preSolution
		HideSolutionNode = FALSE
	EndGlobalSection
	GlobalSection(ExtensibilityGlobals) = postSolution
		SolutionGuid = {D8AE9503-164C-4354-8FCE-51807AF34DA2}
	EndGlobalSection
EndGlobal
